# THIS IS AN AUTOGENERATED FILE. DO NOT EDIT THIS FILE DIRECTLY.
# yarn lockfile v1


"@adiwajshing/keyed-db@^0.2.4":
  version "0.2.4"
  resolved "https://registry.yarnpkg.com/@adiwajshing/keyed-db/-/keyed-db-0.2.4.tgz#2a09e88fce20b2672deb60a7750c5fe3ab0dfd99"
  integrity sha512-yprSnAtj80/VKuDqRcFFLDYltoNV8tChNwFfIgcf6PGD4sjzWIBgs08pRuTqGH5mk5wgL6PBRSsMCZqtZwzFEw==

"@babel/runtime@^7.7.2":
  version "7.26.0"
  resolved "https://registry.yarnpkg.com/@babel/runtime/-/runtime-7.26.0.tgz#8600c2f595f277c60815256418b85356a65173c1"
  integrity sha512-FDSOghenHTiToteC/QRlv2q3DhPZ/oOXTBoirfWNx1Cx3TMVcGWQtMMmQcSvb/JjpNeGzx8Pq/b4fKEJuWm1sw==
  dependencies:
    regenerator-runtime "^0.14.0"

"@deepgram/captions@^1.1.1":
  version "1.2.0"
  resolved "https://registry.yarnpkg.com/@deepgram/captions/-/captions-1.2.0.tgz#e3d33b494692a4a3c3f81568d8386894c0fc5d9a"
  integrity sha512-8B1C/oTxTxyHlSFubAhNRgCbQ2SQ5wwvtlByn8sDYZvdDtdn/VE2yEPZ4BvUnrKWmsbTQY6/ooLV+9Ka2qmDSQ==
  dependencies:
    dayjs "^1.11.10"

"@deepgram/sdk@^3.5.1":
  version "3.9.0"
  resolved "https://registry.yarnpkg.com/@deepgram/sdk/-/sdk-3.9.0.tgz#f1967a0005a48018d26aed37db4aeb3f9f867400"
  integrity sha512-X/7JzoYjCObyEaPb2Dgnkwk2LwRe4bw0FJJCLdkjpnFfJCFgA9IWgRD8FEUI6/hp8dW/CqqXkGPA2Q3DIsVG8A==
  dependencies:
    "@deepgram/captions" "^1.1.1"
    "@types/node" "^18.19.39"
    cross-fetch "^3.1.5"
    deepmerge "^4.3.1"
    events "^3.3.0"
    ws "^8.17.0"

"@distube/ytdl-core@^4.15.1":
  version "4.15.1"
  resolved "https://registry.yarnpkg.com/@distube/ytdl-core/-/ytdl-core-4.15.1.tgz#56b0df16ebc7764735b3058b95e679850a906df8"
  integrity sha512-10voV+ixUVQgam4/GMhjNTX/ipk9odkPnPoRaUESs5E/EW0JujwPDc815z53D86mSRlVc8esH1eiuzFnxLJKcA==
  dependencies:
    http-cookie-agent "^6.0.6"
    m3u8stream "^0.8.6"
    miniget "^4.2.3"
    sax "^1.4.1"
    tough-cookie "^4.1.4"
    undici five

"@eshaz/web-worker@1.2.2":
  version "1.2.2"
  resolved "https://registry.yarnpkg.com/@eshaz/web-worker/-/web-worker-1.2.2.tgz#506ec07ab811c15a12799725a0d8b82289e3d937"
  integrity sha512-WxXiHFmD9u/owrzempiDlBB1ZYqiLnm9s6aPc8AlFQalq2tKmqdmMr9GXOupDgzXtqnBipj8Un0gkIm7Sjf8mw==

"@eslint-community/eslint-utils@^4.4.0":
  version "4.4.1"
  resolved "https://registry.yarnpkg.com/@eslint-community/eslint-utils/-/eslint-utils-4.4.1.tgz#d1145bf2c20132d6400495d6df4bf59362fd9d56"
  integrity sha512-s3O3waFUrMV8P/XaF/+ZTp1X9XBZW1a4B97ZnjQF2KYWaFD2A8KyFBsrsfSjEmjn3RGWAIuvlneuZm3CUK3jbA==
  dependencies:
    eslint-visitor-keys "^3.4.3"

"@eslint-community/regexpp@^4.10.0":
  version "4.12.1"
  resolved "https://registry.yarnpkg.com/@eslint-community/regexpp/-/regexpp-4.12.1.tgz#cfc6cffe39df390a3841cde2abccf92eaa7ae0e0"
  integrity sha512-CCZCDJuduB9OUkFkY2IgppNZMi2lBQgD2qzwXkEia16cge2pijY/aXi96CJMquDMn3nJdlPV1A5KrJEXwfLNzQ==

"@fastify/busboy@^2.0.0":
  version "2.1.1"
  resolved "https://registry.yarnpkg.com/@fastify/busboy/-/busboy-2.1.1.tgz#b9da6a878a371829a0502c9b6c1c143ef6663f4d"
  integrity sha512-vBZP4NlzfOlerQTnba4aqZoMhE/a9HY7HRqoOPaETQcSQuWEIyZMHGfVu6w9wGtGK5fED5qRs2DteVCjOH60sA==

"@ffmpeg-installer/darwin-arm64@4.1.5":
  version "4.1.5"
  resolved "https://registry.yarnpkg.com/@ffmpeg-installer/darwin-arm64/-/darwin-arm64-4.1.5.tgz#b7b5c262dd96d1aea4807514e1cdcf6e11f82743"
  integrity sha512-hYqTiP63mXz7wSQfuqfFwfLOfwwFChUedeCVKkBtl/cliaTM7/ePI9bVzfZ2c+dWu3TqCwLDRWNSJ5pqZl8otA==

"@ffmpeg-installer/darwin-x64@4.1.0":
  version "4.1.0"
  resolved "https://registry.yarnpkg.com/@ffmpeg-installer/darwin-x64/-/darwin-x64-4.1.0.tgz#48e1706c690e628148482bfb64acb67472089aaa"
  integrity sha512-Z4EyG3cIFjdhlY8wI9aLUXuH8nVt7E9SlMVZtWvSPnm2sm37/yC2CwjUzyCQbJbySnef1tQwGG2Sx+uWhd9IAw==

"@ffmpeg-installer/ffmpeg@^1.1.0":
  version "1.1.0"
  resolved "https://registry.yarnpkg.com/@ffmpeg-installer/ffmpeg/-/ffmpeg-1.1.0.tgz#87fdb9e7d180e8d78f7903f9441e36f978938a90"
  integrity sha512-Uq4rmwkdGxIa9A6Bd/VqqYbT7zqh1GrT5/rFwCwKM70b42W5gIjWeVETq6SdcL0zXqDtY081Ws/iJWhr1+xvQg==
  optionalDependencies:
    "@ffmpeg-installer/darwin-arm64" "4.1.5"
    "@ffmpeg-installer/darwin-x64" "4.1.0"
    "@ffmpeg-installer/linux-arm" "4.1.3"
    "@ffmpeg-installer/linux-arm64" "4.1.4"
    "@ffmpeg-installer/linux-ia32" "4.1.0"
    "@ffmpeg-installer/linux-x64" "4.1.0"
    "@ffmpeg-installer/win32-ia32" "4.1.0"
    "@ffmpeg-installer/win32-x64" "4.1.0"

"@ffmpeg-installer/linux-arm64@4.1.4":
  version "4.1.4"
  resolved "https://registry.yarnpkg.com/@ffmpeg-installer/linux-arm64/-/linux-arm64-4.1.4.tgz#7219f3f901bb67f7926cb060b56b6974a6cad29f"
  integrity sha512-dljEqAOD0oIM6O6DxBW9US/FkvqvQwgJ2lGHOwHDDwu/pX8+V0YsDL1xqHbj1DMX/+nP9rxw7G7gcUvGspSoKg==

"@ffmpeg-installer/linux-arm@4.1.3":
  version "4.1.3"
  resolved "https://registry.yarnpkg.com/@ffmpeg-installer/linux-arm/-/linux-arm-4.1.3.tgz#c554f105ed5f10475ec25d7bec94926ce18db4c1"
  integrity sha512-NDf5V6l8AfzZ8WzUGZ5mV8O/xMzRag2ETR6+TlGIsMHp81agx51cqpPItXPib/nAZYmo55Bl2L6/WOMI3A5YRg==

"@ffmpeg-installer/linux-ia32@4.1.0":
  version "4.1.0"
  resolved "https://registry.yarnpkg.com/@ffmpeg-installer/linux-ia32/-/linux-ia32-4.1.0.tgz#adad70b0d0d9d8d813983d6e683c5a338a75e442"
  integrity sha512-0LWyFQnPf+Ij9GQGD034hS6A90URNu9HCtQ5cTqo5MxOEc7Rd8gLXrJvn++UmxhU0J5RyRE9KRYstdCVUjkNOQ==

"@ffmpeg-installer/linux-x64@4.1.0":
  version "4.1.0"
  resolved "https://registry.yarnpkg.com/@ffmpeg-installer/linux-x64/-/linux-x64-4.1.0.tgz#b4a5d89c4e12e6d9306dbcdc573df716ec1c4323"
  integrity sha512-Y5BWhGLU/WpQjOArNIgXD3z5mxxdV8c41C+U15nsE5yF8tVcdCGet5zPs5Zy3Ta6bU7haGpIzryutqCGQA/W8A==

"@ffmpeg-installer/win32-ia32@4.1.0":
  version "4.1.0"
  resolved "https://registry.yarnpkg.com/@ffmpeg-installer/win32-ia32/-/win32-ia32-4.1.0.tgz#6eac4fb691b64c02e7a116c1e2d167f3e9b40638"
  integrity sha512-FV2D7RlaZv/lrtdhaQ4oETwoFUsUjlUiasiZLDxhEUPdNDWcH1OU9K1xTvqz+OXLdsmYelUDuBS/zkMOTtlUAw==

"@ffmpeg-installer/win32-x64@4.1.0":
  version "4.1.0"
  resolved "https://registry.yarnpkg.com/@ffmpeg-installer/win32-x64/-/win32-x64-4.1.0.tgz#17e8699b5798d4c60e36e2d6326a8ebe5e95a2c5"
  integrity sha512-Drt5u2vzDnIONf4ZEkKtFlbvwj6rI3kxw1Ck9fpudmtgaZIHD4ucsWB2lCZBXRxJgXR+2IMSti+4rtM4C4rXgg==

"@hapi/boom@^10.0.1":
  version "10.0.1"
  resolved "https://registry.yarnpkg.com/@hapi/boom/-/boom-10.0.1.tgz#ebb14688275ae150aa6af788dbe482e6a6062685"
  integrity sha512-ERcCZaEjdH3OgSJlyjVk8pHIFeus91CjKP3v+MpgBNp5IvGzP2l/bRiD78nqYcKPaZdbKkK5vDBVPd2ohHBlsA==
  dependencies:
    "@hapi/hoek" "^11.0.2"

"@hapi/boom@^9.1.3":
  version "9.1.4"
  resolved "https://registry.yarnpkg.com/@hapi/boom/-/boom-9.1.4.tgz#1f9dad367c6a7da9f8def24b4a986fc5a7bd9db6"
  integrity sha512-Ls1oH8jaN1vNsqcaHVYJrKmgMcKsC1wcp8bujvXrHaAqD2iDYq3HoOwsxwo09Cuda5R5nC0o0IxlrlTuvPuzSw==
  dependencies:
    "@hapi/hoek" "9.x.x"

"@hapi/hoek@9.x.x":
  version "9.3.0"
  resolved "https://registry.yarnpkg.com/@hapi/hoek/-/hoek-9.3.0.tgz#8368869dcb735be2e7f5cb7647de78e167a251fb"
  integrity sha512-/c6rf4UJlmHlC9b5BaNvzAcFv7HZ2QHaV0D4/HNlBdvFnvQq8RI4kYdhyPCl7Xj+oWvTWQ8ujhqS53LIgAe6KQ==

"@hapi/hoek@^11.0.2":
  version "11.0.6"
  resolved "https://registry.yarnpkg.com/@hapi/hoek/-/hoek-11.0.6.tgz#b08e149fe588557eda2dbcf5ddca78c2eed089bb"
  integrity sha512-mu8He+jghTDJ+la/uGBT4b1rqQdqFADZiXhzd98b3XW5nb/c+5woXx3FiNco2nm4wPJFHQVRGxYeWeSDPIYpYw==

"@jimp/bmp@^0.16.13":
  version "0.16.13"
  resolved "https://registry.yarnpkg.com/@jimp/bmp/-/bmp-0.16.13.tgz#57ffa5b17417b5a181f6f184bdabc8218e8448ef"
  integrity sha512-9edAxu7N2FX7vzkdl5Jo1BbACfycUtBQX+XBMcHA2bk62P8R0otgkHg798frgAk/WxQIzwxqOH6wMiCwrlAzdQ==
  dependencies:
    "@babel/runtime" "^7.7.2"
    "@jimp/utils" "^0.16.13"
    bmp-js "^0.1.0"

"@jimp/bmp@^0.22.12":
  version "0.22.12"
  resolved "https://registry.yarnpkg.com/@jimp/bmp/-/bmp-0.22.12.tgz#0316044dc7b1a90274aef266d50349347fb864d4"
  integrity sha512-aeI64HD0npropd+AR76MCcvvRaa+Qck6loCOS03CkkxGHN5/r336qTM5HPUdHKMDOGzqknuVPA8+kK1t03z12g==
  dependencies:
    "@jimp/utils" "^0.22.12"
    bmp-js "^0.1.0"

"@jimp/core@^0.16.13":
  version "0.16.13"
  resolved "https://registry.yarnpkg.com/@jimp/core/-/core-0.16.13.tgz#7171745a912b5b847f8bf53e70b0672c5ca92744"
  integrity sha512-qXpA1tzTnlkTku9yqtuRtS/wVntvE6f3m3GNxdTdtmc+O+Wcg9Xo2ABPMh7Nc0AHbMKzwvwgB2JnjZmlmJEObg==
  dependencies:
    "@babel/runtime" "^7.7.2"
    "@jimp/utils" "^0.16.13"
    any-base "^1.1.0"
    buffer "^5.2.0"
    exif-parser "^0.1.12"
    file-type "^16.5.4"
    load-bmfont "^1.3.1"
    mkdirp "^0.5.1"
    phin "^2.9.1"
    pixelmatch "^4.0.2"
    tinycolor2 "^1.4.1"

"@jimp/core@^0.22.12":
  version "0.22.12"
  resolved "https://registry.yarnpkg.com/@jimp/core/-/core-0.22.12.tgz#70785ea7d10b138fb65bcfe9f712826f00a10e1d"
  integrity sha512-l0RR0dOPyzMKfjUW1uebzueFEDtCOj9fN6pyTYWWOM/VS4BciXQ1VVrJs8pO3kycGYZxncRKhCoygbNr8eEZQA==
  dependencies:
    "@jimp/utils" "^0.22.12"
    any-base "^1.1.0"
    buffer "^5.2.0"
    exif-parser "^0.1.12"
    file-type "^16.5.4"
    isomorphic-fetch "^3.0.0"
    pixelmatch "^4.0.2"
    tinycolor2 "^1.6.0"

"@jimp/custom@^0.16.13":
  version "0.16.13"
  resolved "https://registry.yarnpkg.com/@jimp/custom/-/custom-0.16.13.tgz#2e4ed447b7410b81fe9103682b4166af904daf84"
  integrity sha512-LTATglVUPGkPf15zX1wTMlZ0+AU7cGEGF6ekVF1crA8eHUWsGjrYTB+Ht4E3HTrCok8weQG+K01rJndCp/l4XA==
  dependencies:
    "@babel/runtime" "^7.7.2"
    "@jimp/core" "^0.16.13"

"@jimp/custom@^0.22.12":
  version "0.22.12"
  resolved "https://registry.yarnpkg.com/@jimp/custom/-/custom-0.22.12.tgz#236f2a3f016b533c50869ff22ad1ac00dd0c36be"
  integrity sha512-xcmww1O/JFP2MrlGUMd3Q78S3Qu6W3mYTXYuIqFq33EorgYHV/HqymHfXy9GjiCJ7OI+7lWx6nYFOzU7M4rd1Q==
  dependencies:
    "@jimp/core" "^0.22.12"

"@jimp/gif@^0.16.13":
  version "0.16.13"
  resolved "https://registry.yarnpkg.com/@jimp/gif/-/gif-0.16.13.tgz#fa72f35d8ad67d6ce3a3d7ef6c8d04a462afaaf9"
  integrity sha512-yFAMZGv3o+YcjXilMWWwS/bv1iSqykFahFMSO169uVMtfQVfa90kt4/kDwrXNR6Q9i6VHpFiGZMlF2UnHClBvg==
  dependencies:
    "@babel/runtime" "^7.7.2"
    "@jimp/utils" "^0.16.13"
    gifwrap "^0.9.2"
    omggif "^1.0.9"

"@jimp/gif@^0.22.12":
  version "0.22.12"
  resolved "https://registry.yarnpkg.com/@jimp/gif/-/gif-0.22.12.tgz#6caccb45df497fb971b7a88690345596e22163c0"
  integrity sha512-y6BFTJgch9mbor2H234VSjd9iwAhaNf/t3US5qpYIs0TSbAvM02Fbc28IaDETj9+4YB4676sz4RcN/zwhfu1pg==
  dependencies:
    "@jimp/utils" "^0.22.12"
    gifwrap "^0.10.1"
    omggif "^1.0.9"

"@jimp/jpeg@^0.16.13":
  version "0.16.13"
  resolved "https://registry.yarnpkg.com/@jimp/jpeg/-/jpeg-0.16.13.tgz#e1c128a591bd7f8a26c8731fd0bc65d32d4ba32a"
  integrity sha512-BJHlDxzTlCqP2ThqP8J0eDrbBfod7npWCbJAcfkKqdQuFk0zBPaZ6KKaQKyKxmWJ87Z6ohANZoMKEbtvrwz1AA==
  dependencies:
    "@babel/runtime" "^7.7.2"
    "@jimp/utils" "^0.16.13"
    jpeg-js "^0.4.2"

"@jimp/jpeg@^0.22.12":
  version "0.22.12"
  resolved "https://registry.yarnpkg.com/@jimp/jpeg/-/jpeg-0.22.12.tgz#b5c74a5aac9826245311370dda8c71a1fcca05ed"
  integrity sha512-Rq26XC/uQWaQKyb/5lksCTCxXhtY01NJeBN+dQv5yNYedN0i7iYu+fXEoRsfaJ8xZzjoANH8sns7rVP4GE7d/Q==
  dependencies:
    "@jimp/utils" "^0.22.12"
    jpeg-js "^0.4.4"

"@jimp/plugin-blit@^0.16.13":
  version "0.16.13"
  resolved "https://registry.yarnpkg.com/@jimp/plugin-blit/-/plugin-blit-0.16.13.tgz#370303edef02b75aa3e316726c5a3aac3e92f5d0"
  integrity sha512-8Z1k96ZFxlhK2bgrY1JNWNwvaBeI/bciLM0yDOni2+aZwfIIiC7Y6PeWHTAvjHNjphz+XCt01WQmOYWCn0ML6g==
  dependencies:
    "@babel/runtime" "^7.7.2"
    "@jimp/utils" "^0.16.13"

"@jimp/plugin-blit@^0.22.12":
  version "0.22.12"
  resolved "https://registry.yarnpkg.com/@jimp/plugin-blit/-/plugin-blit-0.22.12.tgz#0fa8320767fda77434b4408798655ff7c7e415d4"
  integrity sha512-xslz2ZoFZOPLY8EZ4dC29m168BtDx95D6K80TzgUi8gqT7LY6CsajWO0FAxDwHz6h0eomHMfyGX0stspBrTKnQ==
  dependencies:
    "@jimp/utils" "^0.22.12"

"@jimp/plugin-blur@^0.16.13":
  version "0.16.13"
  resolved "https://registry.yarnpkg.com/@jimp/plugin-blur/-/plugin-blur-0.16.13.tgz#27b82295a3dee88d6e029d4d62f5de8118b845e6"
  integrity sha512-PvLrfa8vkej3qinlebyhLpksJgCF5aiysDMSVhOZqwH5nQLLtDE9WYbnsofGw4r0VVpyw3H/ANCIzYTyCtP9Cg==
  dependencies:
    "@babel/runtime" "^7.7.2"
    "@jimp/utils" "^0.16.13"

"@jimp/plugin-blur@^0.22.12":
  version "0.22.12"
  resolved "https://registry.yarnpkg.com/@jimp/plugin-blur/-/plugin-blur-0.22.12.tgz#0c37b2ff4e588b45f4307b4f13d3d0eef813920d"
  integrity sha512-S0vJADTuh1Q9F+cXAwFPlrKWzDj2F9t/9JAbUvaaDuivpyWuImEKXVz5PUZw2NbpuSHjwssbTpOZ8F13iJX4uw==
  dependencies:
    "@jimp/utils" "^0.22.12"

"@jimp/plugin-circle@^0.16.13":
  version "0.16.13"
  resolved "https://registry.yarnpkg.com/@jimp/plugin-circle/-/plugin-circle-0.16.13.tgz#d7af61a95b17e67c7fd4361cd1d588e00b58b6b6"
  integrity sha512-RNave7EFgZrb5V5EpdvJGAEHMnDAJuwv05hKscNfIYxf0kR3KhViBTDy+MoTnMlIvaKFULfwIgaZWzyhuINMzA==
  dependencies:
    "@babel/runtime" "^7.7.2"
    "@jimp/utils" "^0.16.13"

"@jimp/plugin-circle@^0.22.12":
  version "0.22.12"
  resolved "https://registry.yarnpkg.com/@jimp/plugin-circle/-/plugin-circle-0.22.12.tgz#9fffda83d3fc5bad8c1e1492b15b1433cb42e16e"
  integrity sha512-SWVXx1yiuj5jZtMijqUfvVOJBwOifFn0918ou4ftoHgegc5aHWW5dZbYPjvC9fLpvz7oSlptNl2Sxr1zwofjTg==
  dependencies:
    "@jimp/utils" "^0.22.12"

"@jimp/plugin-color@^0.16.13":
  version "0.16.13"
  resolved "https://registry.yarnpkg.com/@jimp/plugin-color/-/plugin-color-0.16.13.tgz#825227e7e6f32d227740ad1bd97c389083c1d0d1"
  integrity sha512-xW+9BtEvoIkkH/Wde9ql4nAFbYLkVINhpgAE7VcBUsuuB34WUbcBl/taOuUYQrPEFQJ4jfXiAJZ2H/rvKjCVnQ==
  dependencies:
    "@babel/runtime" "^7.7.2"
    "@jimp/utils" "^0.16.13"
    tinycolor2 "^1.4.1"

"@jimp/plugin-color@^0.22.12":
  version "0.22.12"
  resolved "https://registry.yarnpkg.com/@jimp/plugin-color/-/plugin-color-0.22.12.tgz#1e49f2e7387186507e917b0686599767c15be336"
  integrity sha512-xImhTE5BpS8xa+mAN6j4sMRWaUgUDLoaGHhJhpC+r7SKKErYDR0WQV4yCE4gP+N0gozD0F3Ka1LUSaMXrn7ZIA==
  dependencies:
    "@jimp/utils" "^0.22.12"
    tinycolor2 "^1.6.0"

"@jimp/plugin-contain@^0.16.13":
  version "0.16.13"
  resolved "https://registry.yarnpkg.com/@jimp/plugin-contain/-/plugin-contain-0.16.13.tgz#7a42ed1ce580bf910f812ba2f35e0fa2cfe501ac"
  integrity sha512-QayTXw4tXMwU6q6acNTQrTTFTXpNRBe+MgTGMDU0lk+23PjlFCO/9sacflelG8lsp7vNHhAxFeHptDMAksEYzg==
  dependencies:
    "@babel/runtime" "^7.7.2"
    "@jimp/utils" "^0.16.13"

"@jimp/plugin-contain@^0.22.12":
  version "0.22.12"
  resolved "https://registry.yarnpkg.com/@jimp/plugin-contain/-/plugin-contain-0.22.12.tgz#ed5ed9af3d4afd02a7568ff8d60603cff340e3f3"
  integrity sha512-Eo3DmfixJw3N79lWk8q/0SDYbqmKt1xSTJ69yy8XLYQj9svoBbyRpSnHR+n9hOw5pKXytHwUW6nU4u1wegHNoQ==
  dependencies:
    "@jimp/utils" "^0.22.12"

"@jimp/plugin-cover@^0.16.13":
  version "0.16.13"
  resolved "https://registry.yarnpkg.com/@jimp/plugin-cover/-/plugin-cover-0.16.13.tgz#9c964be05b163e0f0e06866a9afcebe775dff246"
  integrity sha512-BSsP71GTNaqWRcvkbWuIVH+zK7b3TSNebbhDkFK0fVaUTzHuKMS/mgY4hDZIEVt7Rf5FjadAYtsujHN9w0iSYA==
  dependencies:
    "@babel/runtime" "^7.7.2"
    "@jimp/utils" "^0.16.13"

"@jimp/plugin-cover@^0.22.12":
  version "0.22.12"
  resolved "https://registry.yarnpkg.com/@jimp/plugin-cover/-/plugin-cover-0.22.12.tgz#4abbfabe4c78c71d8d46e707c35a65dc55f08afd"
  integrity sha512-z0w/1xH/v/knZkpTNx+E8a7fnasQ2wHG5ze6y5oL2dhH1UufNua8gLQXlv8/W56+4nJ1brhSd233HBJCo01BXA==
  dependencies:
    "@jimp/utils" "^0.22.12"

"@jimp/plugin-crop@^0.16.13":
  version "0.16.13"
  resolved "https://registry.yarnpkg.com/@jimp/plugin-crop/-/plugin-crop-0.16.13.tgz#80c6ae4d401a8de6cc11b265f3cdecd80425b9a9"
  integrity sha512-WEl2tPVYwzYL8OKme6Go2xqiWgKsgxlMwyHabdAU4tXaRwOCnOI7v4021gCcBb9zn/oWwguHuKHmK30Fw2Z/PA==
  dependencies:
    "@babel/runtime" "^7.7.2"
    "@jimp/utils" "^0.16.13"

"@jimp/plugin-crop@^0.22.12":
  version "0.22.12"
  resolved "https://registry.yarnpkg.com/@jimp/plugin-crop/-/plugin-crop-0.22.12.tgz#e28329a9f285071442998560b040048d2ef5c32e"
  integrity sha512-FNuUN0OVzRCozx8XSgP9MyLGMxNHHJMFt+LJuFjn1mu3k0VQxrzqbN06yIl46TVejhyAhcq5gLzqmSCHvlcBVw==
  dependencies:
    "@jimp/utils" "^0.22.12"

"@jimp/plugin-displace@^0.16.13":
  version "0.16.13"
  resolved "https://registry.yarnpkg.com/@jimp/plugin-displace/-/plugin-displace-0.16.13.tgz#fd72aa93b3fe97a1c3da729e6b26399661ce8ce5"
  integrity sha512-qt9WKq8vWrcjySa9DyQ0x/RBMHQeiVjdVSY1SJsMjssPUf0pS74qorcuAkGi89biN3YoGUgPkpqECnAWnYwgGA==
  dependencies:
    "@babel/runtime" "^7.7.2"
    "@jimp/utils" "^0.16.13"

"@jimp/plugin-displace@^0.22.12":
  version "0.22.12"
  resolved "https://registry.yarnpkg.com/@jimp/plugin-displace/-/plugin-displace-0.22.12.tgz#2e4b2b989a23da6687c49f2f628e1e6d686ec9b6"
  integrity sha512-qpRM8JRicxfK6aPPqKZA6+GzBwUIitiHaZw0QrJ64Ygd3+AsTc7BXr+37k2x7QcyCvmKXY4haUrSIsBug4S3CA==
  dependencies:
    "@jimp/utils" "^0.22.12"

"@jimp/plugin-dither@^0.16.13":
  version "0.16.13"
  resolved "https://registry.yarnpkg.com/@jimp/plugin-dither/-/plugin-dither-0.16.13.tgz#430750f73d528df7ebe21bb508fb80f9f515305d"
  integrity sha512-5/N3yJggbWQTlGZHQYJPmQXEwR52qaXjEzkp1yRBbtdaekXE3BG/suo0fqeoV/csf8ooI78sJzYmIrxNoWVtgQ==
  dependencies:
    "@babel/runtime" "^7.7.2"
    "@jimp/utils" "^0.16.13"

"@jimp/plugin-dither@^0.22.12":
  version "0.22.12"
  resolved "https://registry.yarnpkg.com/@jimp/plugin-dither/-/plugin-dither-0.22.12.tgz#3cc5f3a58dbf85653c4e532d31a756a4fc8cabf7"
  integrity sha512-jYgGdSdSKl1UUEanX8A85v4+QUm+PE8vHFwlamaKk89s+PXQe7eVE3eNeSZX4inCq63EHL7cX580dMqkoC3ZLw==
  dependencies:
    "@jimp/utils" "^0.22.12"

"@jimp/plugin-fisheye@^0.16.13":
  version "0.16.13"
  resolved "https://registry.yarnpkg.com/@jimp/plugin-fisheye/-/plugin-fisheye-0.16.13.tgz#caf69851ab25c44d13c952880a8e43c928abd3f1"
  integrity sha512-2rZmTdFbT/cF9lEZIkXCYO0TsT114Q27AX5IAo0Sju6jVQbvIk1dFUTnwLDadTo8wkJlFzGqMQ24Cs8cHWOliA==
  dependencies:
    "@babel/runtime" "^7.7.2"
    "@jimp/utils" "^0.16.13"

"@jimp/plugin-fisheye@^0.22.12":
  version "0.22.12"
  resolved "https://registry.yarnpkg.com/@jimp/plugin-fisheye/-/plugin-fisheye-0.22.12.tgz#77aef2f3ec59c0bafbd2dbc94b89eab60ce05a3e"
  integrity sha512-LGuUTsFg+fOp6KBKrmLkX4LfyCy8IIsROwoUvsUPKzutSqMJnsm3JGDW2eOmWIS/jJpPaeaishjlxvczjgII+Q==
  dependencies:
    "@jimp/utils" "^0.22.12"

"@jimp/plugin-flip@^0.16.13":
  version "0.16.13"
  resolved "https://registry.yarnpkg.com/@jimp/plugin-flip/-/plugin-flip-0.16.13.tgz#3dd167e14d03d62410c519990728ac3c247c0692"
  integrity sha512-EmcgAA74FTc5u7Z+hUO/sRjWwfPPLuOQP5O64x5g4j0T12Bd29IgsYZxoutZo/rb3579+JNa/3wsSEmyVv1EpA==
  dependencies:
    "@babel/runtime" "^7.7.2"
    "@jimp/utils" "^0.16.13"

"@jimp/plugin-flip@^0.22.12":
  version "0.22.12"
  resolved "https://registry.yarnpkg.com/@jimp/plugin-flip/-/plugin-flip-0.22.12.tgz#7e2154592da01afcf165a3f9d1d25032aa8d8c57"
  integrity sha512-m251Rop7GN8W0Yo/rF9LWk6kNclngyjIJs/VXHToGQ6EGveOSTSQaX2Isi9f9lCDLxt+inBIb7nlaLLxnvHX8Q==
  dependencies:
    "@jimp/utils" "^0.22.12"

"@jimp/plugin-gaussian@^0.16.13":
  version "0.16.13"
  resolved "https://registry.yarnpkg.com/@jimp/plugin-gaussian/-/plugin-gaussian-0.16.13.tgz#79879d9371aff3e1714c54be0771418573ac2954"
  integrity sha512-A1XKfGQD0iDdIiKqFYi8nZMv4dDVYdxbrmgR7y/CzUHhSYdcmoljLIIsZZM3Iks/Wa353W3vtvkWLuDbQbch1w==
  dependencies:
    "@babel/runtime" "^7.7.2"
    "@jimp/utils" "^0.16.13"

"@jimp/plugin-gaussian@^0.22.12":
  version "0.22.12"
  resolved "https://registry.yarnpkg.com/@jimp/plugin-gaussian/-/plugin-gaussian-0.22.12.tgz#49a40950cedbbea6c84b3a6bccc45365fe78d6b7"
  integrity sha512-sBfbzoOmJ6FczfG2PquiK84NtVGeScw97JsCC3rpQv1PHVWyW+uqWFF53+n3c8Y0P2HWlUjflEla2h/vWShvhg==
  dependencies:
    "@jimp/utils" "^0.22.12"

"@jimp/plugin-invert@^0.16.13":
  version "0.16.13"
  resolved "https://registry.yarnpkg.com/@jimp/plugin-invert/-/plugin-invert-0.16.13.tgz#7449283d5b0f405ce2cd1b93a6d79169c970e431"
  integrity sha512-xFMrIn7czEZbdbMzZWuaZFnlLGJDVJ82y5vlsKsXRTG2kcxRsMPXvZRWHV57nSs1YFsNqXSbrC8B98n0E32njQ==
  dependencies:
    "@babel/runtime" "^7.7.2"
    "@jimp/utils" "^0.16.13"

"@jimp/plugin-invert@^0.22.12":
  version "0.22.12"
  resolved "https://registry.yarnpkg.com/@jimp/plugin-invert/-/plugin
